
Microsoft Visual Studio Solution File, Format Version 12.00
# Visual Studio Version 16
VisualStudioVersion = 16.0.29613.14
MinimumVisualStudioVersion = 10.0.40219.1
Project("{2150E333-8FDC-42A3-9474-1A3956D46DE8}") = "UI", "UI", "{380A1292-45F5-48C0-9EDB-079841BEBFA3}"
EndProject
Project("{9A19103F-16F7-4668-BE54-9A1E7A4F7556}") = "VideoPlayer.UI", "VideoPlayer.UI\VideoPlayer.UI.csproj", "{5549C78F-1041-43E2-A128-2CB74A596138}"
EndProject
Global
	GlobalSection(SolutionConfigurationPlatforms) = preSolution
		Debug|Any CPU = Debug|Any CPU
		Release|Any CPU = Release|Any CPU
	EndGlobalSection
	GlobalSection(ProjectConfigurationPlatforms) = postSolution
		{5549C78F-1041-43E2-A128-2CB74A596138}.Debug|Any CPU.ActiveCfg = Debug|Any CPU
		{5549C78F-1041-43E2-A128-2CB74A596138}.Debug|Any CPU.Build.0 = Debug|Any CPU
		{5549C78F-1041-43E2-A128-2CB74A596138}.Release|Any CPU.ActiveCfg = Release|Any CPU
		{5549C78F-1041-43E2-A128-2CB74A596138}.Release|Any CPU.Build.0 = Release|Any CPU
	EndGlobalSection
	GlobalSection(SolutionProperties) = preSolution
		HideSolutionNode = FALSE
	EndGlobalSection
	GlobalSection(NestedProjects) = preSolution
		{5549C78F-1041-43E2-A128-2CB74A596138} = {380A1292-45F5-48C0-9EDB-079841BEBFA3}
	EndGlobalSection
	GlobalSection(ExtensibilityGlobals) = postSolution
		SolutionGuid = {4B4BF679-84E5-4B05-B4B2-28AAF6FCF349}
	EndGlobalSection
EndGlobal
